
Microsoft Visual Studio Solution File, Format Version 12.00
# Visual Studio 14
VisualStudioVersion = 14.0.25420.1
MinimumVisualStudioVersion = 10.0.40219.1
Project("{FAE04EC0-301F-11D3-BF4B-00C04F79EFBC}") = "JenkinsCiCd", "JenkinsCiCd\JenkinsCiCd.csproj", "{9DD2637D-A9D7-42E0-BB46-812C27310D98}"
EndProject
Project("{FAE04EC0-301F-11D3-BF4B-00C04F79EFBC}") = "JenkinsCiCd.Tests", "JenkinsCiCd.Tests\JenkinsCiCd.Tests.csproj", "{972C43E9-BD3D-4063-819D-6D5F62CFCC34}"
EndProject
Global
	GlobalSection(SolutionConfigurationPlatforms) = preSolution
		Debug|Any CPU = Debug|Any CPU
		Release|Any CPU = Release|Any CPU
	EndGlobalSection
	GlobalSection(ProjectConfigurationPlatforms) = postSolution
		{9DD2637D-A9D7-42E0-BB46-812C27310D98}.Debug|Any CPU.ActiveCfg = Debug|Any CPU
		{9DD2637D-A9D7-42E0-BB46-812C27310D98}.Debug|Any CPU.Build.0 = Debug|Any CPU
		{9DD2637D-A9D7-42E0-BB46-812C27310D98}.Release|Any CPU.ActiveCfg = Release|Any CPU
		{9DD2637D-A9D7-42E0-BB46-812C27310D98}.Release|Any CPU.Build.0 = Release|Any CPU
		{972C43E9-BD3D-4063-819D-6D5F62CFCC34}.Debug|Any CPU.ActiveCfg = Debug|Any CPU
		{972C43E9-BD3D-4063-819D-6D5F62CFCC34}.Debug|Any CPU.Build.0 = Debug|Any CPU
		{972C43E9-BD3D-4063-819D-6D5F62CFCC34}.Release|Any CPU.ActiveCfg = Release|Any CPU
		{972C43E9-BD3D-4063-819D-6D5F62CFCC34}.Release|Any CPU.Build.0 = Release|Any CPU
	EndGlobalSection
	GlobalSection(SolutionProperties) = preSolution
		HideSolutionNode = FALSE
	EndGlobalSection
EndGlobal
